{
  "name": "Test-in-Evaluation",
  "lockfileVersion": 2,
  "requires": true,
  "packages": {
    "": {
      "devDependencies": {
        "@types/nodemailer": "^6.4.6"
      }
    },
    "node_modules/@types/node": {
      "version": "18.11.13",
      "resolved": "https://registry.npmjs.org/@types/node/-/node-18.11.13.tgz",
      "integrity": "sha512-IASpMGVcWpUsx5xBOrxMj7Bl8lqfuTY7FKAnPmu5cHkfQVWF8GulWS1jbRqA934qZL35xh5xN/+Xe/i26Bod4w==",
      "dev": true
    },
    "node_modules/@types/nodemailer": {
      "version": "6.4.6",
      "resolved": "https://registry.npmjs.org/@types/nodemailer/-/nodemailer-6.4.6.tgz",
      "integrity": "sha512-pD6fL5GQtUKvD2WnPmg5bC2e8kWCAPDwMPmHe/ohQbW+Dy0EcHgZ2oCSuPlWNqk74LS5BVMig1SymQbFMPPK3w==",
      "dev": true,
      "dependencies": {
        "@types/node": "*"
      }
    }
  },
  "dependencies": {
    "@types/node": {
      "version": "18.11.13",
      "resolved": "https://registry.npmjs.org/@types/node/-/node-18.11.13.tgz",
      "integrity": "sha512-IASpMGVcWpUsx5xBOrxMj7Bl8lqfuTY7FKAnPmu5cHkfQVWF8GulWS1jbRqA934qZL35xh5xN/+Xe/i26Bod4w==",
      "dev": true
    },
    "@types/nodemailer": {
      "version": "6.4.6",
      "resolved": "https://registry.npmjs.org/@types/nodemailer/-/nodemailer-6.4.6.tgz",
      "integrity": "sha512-pD6fL5GQtUKvD2WnPmg5bC2e8kWCAPDwMPmHe/ohQbW+Dy0EcHgZ2oCSuPlWNqk74LS5BVMig1SymQbFMPPK3w==",
      "dev": true,
      "requires": {
        "@types/node": "*"
      }
    }
  }
}
